
Microsoft Visual Studio Solution File, Format Version 11.00
# Visual Studio 2010
Project("{FAE04EC0-301F-11D3-BF4B-00C04F79EFBC}") = "SimpleWebTransport", "SimpleWebTransport.csproj", "{c2749349-59bb-3d51-a91a-f861d8313567}"
EndProject
Project("{FAE04EC0-301F-11D3-BF4B-00C04F79EFBC}") = "FishNet.Runtime", "FishNet.Runtime.csproj", "{e7c73871-f965-bea2-b8bd-cf60367cd5bd}"
EndProject
Project("{FAE04EC0-301F-11D3-BF4B-00C04F79EFBC}") = "Assembly-CSharp-Editor", "Assembly-CSharp-Editor.csproj", "{9062c23d-7f07-4701-e02f-0ba2dcb1cb4d}"
EndProject
Project("{FAE04EC0-301F-11D3-BF4B-00C04F79EFBC}") = "extOSC", "extOSC.csproj", "{7a87323a-f22b-58b2-41af-4f191ddc78a7}"
EndProject
Project("{FAE04EC0-301F-11D3-BF4B-00C04F79EFBC}") = "FishNet.Codegen.Cecil", "FishNet.Codegen.Cecil.csproj", "{0e186740-7eef-67b6-8faa-18909a649fe0}"
EndProject
Project("{FAE04EC0-301F-11D3-BF4B-00C04F79EFBC}") = "UniRx", "UniRx.csproj", "{ceb7fb7f-439c-e3e7-863b-4133d1708c57}"
EndProject
Project("{FAE04EC0-301F-11D3-BF4B-00C04F79EFBC}") = "FishNet.Demos", "FishNet.Demos.csproj", "{8167420b-80b2-65f4-b668-ffd6b1548290}"
EndProject
Project("{FAE04EC0-301F-11D3-BF4B-00C04F79EFBC}") = "Unity.FishNet.Codegen", "Unity.FishNet.Codegen.csproj", "{4ecf8feb-8de4-bbc4-9945-358151bfa57b}"
EndProject
Project("{FAE04EC0-301F-11D3-BF4B-00C04F79EFBC}") = "extOSC.Editor", "extOSC.Editor.csproj", "{780f42c1-896e-c3fd-ce51-52b039203a8b}"
EndProject
Project("{FAE04EC0-301F-11D3-BF4B-00C04F79EFBC}") = "GameKit.Utilities", "GameKit.Utilities.csproj", "{93c26e31-e9a1-f61f-15d5-da6917c456a6}"
EndProject
Project("{FAE04EC0-301F-11D3-BF4B-00C04F79EFBC}") = "Assembly-CSharp", "Assembly-CSharp.csproj", "{8e424b45-c034-2670-ba30-1db5d2db4da4}"
EndProject
Project("{FAE04EC0-301F-11D3-BF4B-00C04F79EFBC}") = "UniRx.Examples", "UniRx.Examples.csproj", "{e7a7083e-6c31-318e-24cc-3b06459c7f6f}"
EndProject
Project("{FAE04EC0-301F-11D3-BF4B-00C04F79EFBC}") = "GameKit.Dependencies", "GameKit.Dependencies.csproj", "{8c0b29da-b4dd-e02d-589f-7ed572be8fdb}"
EndProject
Project("{FAE04EC0-301F-11D3-BF4B-00C04F79EFBC}") = "ParrelSync", "ParrelSync.csproj", "{a4f87c8e-05f4-41ee-fbc0-8af6707dd658}"
EndProject
Project("{FAE04EC0-301F-11D3-BF4B-00C04F79EFBC}") = "Sirenix.OdinInspector.Modules.UnityMathematics", "Sirenix.OdinInspector.Modules.UnityMathematics.csproj", "{4b459bb7-82ce-35a3-86ad-1208c0d70ed4}"
EndProject
Project("{FAE04EC0-301F-11D3-BF4B-00C04F79EFBC}") = "Assembly-CSharp-firstpass", "Assembly-CSharp-firstpass.csproj", "{8b5bcd67-6365-85c1-9d7f-c7b06d1155e2}"
EndProject
Project("{FAE04EC0-301F-11D3-BF4B-00C04F79EFBC}") = "Assembly-CSharp-Editor-firstpass", "Assembly-CSharp-Editor-firstpass.csproj", "{6c6d818a-6717-8937-6279-d366cb90ba38}"
EndProject
Global
	GlobalSection(SolutionConfigurationPlatforms) = preSolution
		Debug|Any CPU = Debug|Any CPU
	EndGlobalSection
	GlobalSection(ProjectConfigurationPlatforms) = postSolution
		{c2749349-59bb-3d51-a91a-f861d8313567}.Debug|Any CPU.ActiveCfg = Debug|Any CPU
		{c2749349-59bb-3d51-a91a-f861d8313567}.Debug|Any CPU.Build.0 = Debug|Any CPU
		{e7c73871-f965-bea2-b8bd-cf60367cd5bd}.Debug|Any CPU.ActiveCfg = Debug|Any CPU
		{e7c73871-f965-bea2-b8bd-cf60367cd5bd}.Debug|Any CPU.Build.0 = Debug|Any CPU
		{9062c23d-7f07-4701-e02f-0ba2dcb1cb4d}.Debug|Any CPU.ActiveCfg = Debug|Any CPU
		{9062c23d-7f07-4701-e02f-0ba2dcb1cb4d}.Debug|Any CPU.Build.0 = Debug|Any CPU
		{7a87323a-f22b-58b2-41af-4f191ddc78a7}.Debug|Any CPU.ActiveCfg = Debug|Any CPU
		{7a87323a-f22b-58b2-41af-4f191ddc78a7}.Debug|Any CPU.Build.0 = Debug|Any CPU
		{0e186740-7eef-67b6-8faa-18909a649fe0}.Debug|Any CPU.ActiveCfg = Debug|Any CPU
		{0e186740-7eef-67b6-8faa-18909a649fe0}.Debug|Any CPU.Build.0 = Debug|Any CPU
		{ceb7fb7f-439c-e3e7-863b-4133d1708c57}.Debug|Any CPU.ActiveCfg = Debug|Any CPU
		{ceb7fb7f-439c-e3e7-863b-4133d1708c57}.Debug|Any CPU.Build.0 = Debug|Any CPU
		{8167420b-80b2-65f4-b668-ffd6b1548290}.Debug|Any CPU.ActiveCfg = Debug|Any CPU
		{8167420b-80b2-65f4-b668-ffd6b1548290}.Debug|Any CPU.Build.0 = Debug|Any CPU
		{4ecf8feb-8de4-bbc4-9945-358151bfa57b}.Debug|Any CPU.ActiveCfg = Debug|Any CPU
		{4ecf8feb-8de4-bbc4-9945-358151bfa57b}.Debug|Any CPU.Build.0 = Debug|Any CPU
		{780f42c1-896e-c3fd-ce51-52b039203a8b}.Debug|Any CPU.ActiveCfg = Debug|Any CPU
		{780f42c1-896e-c3fd-ce51-52b039203a8b}.Debug|Any CPU.Build.0 = Debug|Any CPU
		{93c26e31-e9a1-f61f-15d5-da6917c456a6}.Debug|Any CPU.ActiveCfg = Debug|Any CPU
		{93c26e31-e9a1-f61f-15d5-da6917c456a6}.Debug|Any CPU.Build.0 = Debug|Any CPU
		{8e424b45-c034-2670-ba30-1db5d2db4da4}.Debug|Any CPU.ActiveCfg = Debug|Any CPU
		{8e424b45-c034-2670-ba30-1db5d2db4da4}.Debug|Any CPU.Build.0 = Debug|Any CPU
		{e7a7083e-6c31-318e-24cc-3b06459c7f6f}.Debug|Any CPU.ActiveCfg = Debug|Any CPU
		{e7a7083e-6c31-318e-24cc-3b06459c7f6f}.Debug|Any CPU.Build.0 = Debug|Any CPU
		{8c0b29da-b4dd-e02d-589f-7ed572be8fdb}.Debug|Any CPU.ActiveCfg = Debug|Any CPU
		{8c0b29da-b4dd-e02d-589f-7ed572be8fdb}.Debug|Any CPU.Build.0 = Debug|Any CPU
		{a4f87c8e-05f4-41ee-fbc0-8af6707dd658}.Debug|Any CPU.ActiveCfg = Debug|Any CPU
		{a4f87c8e-05f4-41ee-fbc0-8af6707dd658}.Debug|Any CPU.Build.0 = Debug|Any CPU
		{4b459bb7-82ce-35a3-86ad-1208c0d70ed4}.Debug|Any CPU.ActiveCfg = Debug|Any CPU
		{4b459bb7-82ce-35a3-86ad-1208c0d70ed4}.Debug|Any CPU.Build.0 = Debug|Any CPU
		{8b5bcd67-6365-85c1-9d7f-c7b06d1155e2}.Debug|Any CPU.ActiveCfg = Debug|Any CPU
		{8b5bcd67-6365-85c1-9d7f-c7b06d1155e2}.Debug|Any CPU.Build.0 = Debug|Any CPU
		{6c6d818a-6717-8937-6279-d366cb90ba38}.Debug|Any CPU.ActiveCfg = Debug|Any CPU
		{6c6d818a-6717-8937-6279-d366cb90ba38}.Debug|Any CPU.Build.0 = Debug|Any CPU
	EndGlobalSection
	GlobalSection(SolutionProperties) = preSolution
		HideSolutionNode = FALSE
	EndGlobalSection
EndGlobal
